
Microsoft Visual Studio Solution File, Format Version 12.00
# Visual Studio Version 17
VisualStudioVersion = 17.13.35913.81 d17.13
MinimumVisualStudioVersion = 10.0.40219.1
Project("{FAE04EC0-301F-11D3-BF4B-00C04F79EFBC}") = "PizzaMVVM", "PizzaMVVM\PizzaMVVM.csproj", "{ADF7A0C0-7808-4A16-A46D-B952727C0873}"
EndProject
Global
	GlobalSection(SolutionConfigurationPlatforms) = preSolution
		Debug|Any CPU = Debug|Any CPU
		Release|Any CPU = Release|Any CPU
	EndGlobalSection
	GlobalSection(ProjectConfigurationPlatforms) = postSolution
		{ADF7A0C0-7808-4A16-A46D-B952727C0873}.Debug|Any CPU.ActiveCfg = Debug|Any CPU
		{ADF7A0C0-7808-4A16-A46D-B952727C0873}.Debug|Any CPU.Build.0 = Debug|Any CPU
		{ADF7A0C0-7808-4A16-A46D-B952727C0873}.Release|Any CPU.ActiveCfg = Release|Any CPU
		{ADF7A0C0-7808-4A16-A46D-B952727C0873}.Release|Any CPU.Build.0 = Release|Any CPU
	EndGlobalSection
	GlobalSection(SolutionProperties) = preSolution
		HideSolutionNode = FALSE
	EndGlobalSection
	GlobalSection(ExtensibilityGlobals) = postSolution
		SolutionGuid = {90F25043-DDB3-4CC7-B615-AF09D17647D5}
	EndGlobalSection
EndGlobal
